<?xml version="1.0" encoding="utf-8"?>
<Project ToolsVersion="4.0" xmlns="http://schemas.microsoft.com/developer/msbuild/2003">
  <ItemGroup>
    <FxCompile Include="Techniques\DeferredShading\DeferredLighting_PS.hlsl" />
    <FxCompile Include="Techniques\DeferredShading\DeferredShading_PS.hlsl" />
    <FxCompile Include="Techniques\DeferredShading\DeferredShading_VS.hlsl" />
    <FxCompile Include="Techniques\RetainedBasic\RetainedRendering_PS.hlsl" />
    <FxCompile Include="Techniques\RetainedBasic\RetainedRendering_VS.hlsl" />
    <FxCompile Include="Techniques\Sample\Sample_PS.hlsl" />
    <FxCompile Include="Techniques\Sample\Sample_VS.hlsl" />
    <FxCompile Include="Techniques\Tutorials\Shaders\BasicSampling2D_PS.hlsl" />
    <FxCompile Include="Techniques\Tutorials\Shaders\DXR_ProceduralGeometrySample_RT.hlsl" />
    <FxCompile Include="Techniques\Tutorials\Shaders\DX_RTX_Basic_RT.hlsl" />
    <FxCompile Include="Techniques\Tutorials\Shaders\DX_RTX_Sample_RT.hlsl" />
    <FxCompile Include="Techniques\Tutorials\Shaders\GrabDepthComplexity_PS.hlsl" />
    <FxCompile Include="Techniques\Tutorials\Shaders\NoTransforms_VS.hlsl" />
    <FxCompile Include="Techniques\Tutorials\Shaders\PassPositionAndCoordinates_VS.hlsl" />
    <FxCompile Include="Techniques\Tutorials\Shaders\ShowComplexity_PS.hlsl" />
    <FxCompile Include="Techniques\Tutorials\Shaders\SimpleColor_PS.hlsl" />
    <FxCompile Include="Techniques\Tutorials\Shaders\SimplePhongShading_PS.hlsl" />
    <FxCompile Include="Techniques\Tutorials\Shaders\SimpleTransform_VS.hlsl" />
    <FxCompile Include="Techniques\Tutorials\Shaders\TransformToViewSpace_VS.hlsl" />
    <FxCompile Include="Techniques\Tutorials\Shaders\UpdateAABBs_PS.hlsl" />
    <FxCompile Include="Techniques\PhotonMaps\PhotonTracing_RT.hlsl" />
    <FxCompile Include="Techniques\PhotonMaps\GridPhotonGather_RT.hlsl" />
    <FxCompile Include="Techniques\PhotonMaps\BPP_PhotonGather2_RT.hlsl" />
    <FxCompile Include="Techniques\PhotonMaps\BPP_PhotonMapMortonConstruction_RT.hlsl" />
    <FxCompile Include="Techniques\PhotonMaps\GridPhotonMapConstruction_CS.hlsl" />
    <FxCompile Include="Techniques\Tutorials\Shaders\UpdateBoxes_CS.hlsl" />
    <FxCompile Include="Techniques\Tutorials\Shaders\UpdateColors_CS.hlsl" />
    <FxCompile Include="Techniques\Raytracing\DXRRaytracing_RT.hlsl" />
    <FxCompile Include="Techniques\PhotonMaps\PhotonBitonicSort_CS.hlsl" />
    <FxCompile Include="Techniques\PhotonMaps\BPP_MortonIndexing_CS.hlsl" />
    <FxCompile Include="Techniques\PhotonMaps\PhotonMortonConstruction_CS.hlsl" />
    <FxCompile Include="Techniques\PhotonMaps\BPP_PhotonGather5_RT.hlsl" />
    <FxCompile Include="Techniques\PhotonMaps\PhotonConstruction_CS.hlsl" />
    <FxCompile Include="Techniques\PhotonMaps\BPP_RadiusDetermination_CS.hlsl" />
    <FxCompile Include="Techniques\PhotonMaps\BPP_RadiusConvolution_CS.hlsl" />
    <FxCompile Include="Techniques\PhotonMaps\BPP_PhotonPacking_CS.hlsl" />
    <FxCompile Include="Techniques\CommonRT\DeferredDirectLighting_CS.hlsl" />
    <FxCompile Include="Techniques\Raymarching\RaymarchRT\Shaders\RT_InitialRayDirections_PS.hlsl" />
    <FxCompile Include="Techniques\Raymarching\RaymarchRT\Shaders\RT_InitialRays_PS.hlsl" />
    <FxCompile Include="Techniques\Raymarching\RaymarchRT\Shaders\RT_InitialRays_VS.hlsl" />
    <FxCompile Include="Techniques\Raymarching\RaymarchRT\Shaders\RT_Bounce_PS.hlsl" />
    <FxCompile Include="Techniques\Raymarching\WS_MRAPIT\Shaders\ComputeSceneBoundaries_CS.hlsl" />
    <FxCompile Include="Techniques\Raymarching\WS_MRAPIT\Shaders\DebugWSMRAPIT_PS.hlsl" />
    <FxCompile Include="Techniques\Raymarching\WS_MRAPIT\Shaders\DebugWSMRAPIT_VS.hlsl" />
    <FxCompile Include="Techniques\Raymarching\WS_MRAPIT\Shaders\WorldSpaceTransform_CS.hlsl" />
    <FxCompile Include="Techniques\Raymarching\WS_MRAPIT\Shaders\WSMRPIT_Build_CS.hlsl" />
    <FxCompile Include="Techniques\Raymarching\WS_MRAPIT\Shaders\WSMRPIT_Fill_GS.hlsl" />
    <FxCompile Include="Techniques\Raymarching\WS_MRAPIT\Shaders\WSMRPIT_Fill_PS.hlsl" />
    <FxCompile Include="Techniques\Raymarching\WS_MRAPIT\Shaders\WSMRPIT_Fill_VS.hlsl" />
    <FxCompile Include="Techniques\Raymarching\WS_MRAPIT\Shaders\WSMRPIT_Link_CS.hlsl" />
    <FxCompile Include="Techniques\Raymarching\WS_MRAPIT\Shaders\WSMRPIT_Traversal_CS.hlsl" />
    <FxCompile Include="Techniques\Raymarching\WSAPIT\Shaders\DebugWSAPIT_PS.hlsl" />
    <FxCompile Include="Techniques\Raymarching\WSAPIT\Shaders\DebugWSAPIT_VS.hlsl" />
    <FxCompile Include="Techniques\Raymarching\WSAPIT\Shaders\WorldSpaceTransform_CS.hlsl" />
    <FxCompile Include="Techniques\Raymarching\WSAPIT\Shaders\WSPIT_Build_CS.hlsl" />
    <FxCompile Include="Techniques\Raymarching\WSAPIT\Shaders\WSPIT_Fill_GS.hlsl" />
    <FxCompile Include="Techniques\Raymarching\WSAPIT\Shaders\WSPIT_Fill_PS.hlsl" />
    <FxCompile Include="Techniques\Raymarching\WSAPIT\Shaders\WSPIT_Fill_VS.hlsl" />
    <FxCompile Include="Techniques\Raymarching\WSAPIT\Shaders\WSPIT_Link_CS.hlsl" />
    <FxCompile Include="Techniques\Raymarching\WSAPIT\Shaders\WSPIT_Traversal_CS.hlsl" />
    <FxCompile Include="Techniques\Raymarching\RaymarchRT\Shaders\GenerateInitialRays_CS.hlsl" />
    <FxCompile Include="Techniques\Raymarching\RaymarchRT\Shaders\RaytracingScattering_CS.hlsl" />
    <FxCompile Include="Techniques\PhotonMaps\PPMRaytracingStage_RT.hlsl" />
    <FxCompile Include="Techniques\PhotonMaps\PPMScheduler_CS.hlsl" />
    <FxCompile Include="Techniques\PhotonMaps\PPMMergeMaps_CS.hlsl" />
    <FxCompile Include="Techniques\PhotonMaps\PPMAccumulateRadiance_CS.hlsl" />
    <FxCompile Include="Techniques\PhotonMaps\BuildOctree_CS.hlsl" />
    <FxCompile Include="Techniques\PhotonMaps\GatherOctree_RT.hlsl" />
    <FxCompile Include="Techniques\Pathtracing\Filter_CS.hlsl" />
    <FxCompile Include="Techniques\VolumeRendering\BasicRayMarch_CS.hlsl" />
    <FxCompile Include="Techniques\VolumeRendering\SingleScattering_CS.hlsl" />
    <FxCompile Include="Techniques\VolumeRendering\AccumulativeDensity_CS.hlsl" />
    <FxCompile Include="Techniques\VolumeRendering\VolumeMipMaps_CS.hlsl" />
    <FxCompile Include="Techniques\VolumeRendering\PathtracingVolume_CS.hlsl" />
    <FxCompile Include="Techniques\VolumeRendering\PurePathtracing_CS.hlsl" />
    <FxCompile Include="Techniques\VolumeRendering\VolumePhotonTracing_CS.hlsl" />
    <FxCompile Include="Techniques\VolumeRendering\PerspectiveAccumulation_CS.hlsl" />
    <FxCompile Include="Techniques\VolumeRendering\VolPhotonSplat_VS.hlsl" />
    <FxCompile Include="Techniques\VolumeRendering\VolPhotonSplat_GS.hlsl" />
    <FxCompile Include="Techniques\VolumeRendering\VolPhotonSplat_PS.hlsl" />
    <FxCompile Include="Techniques\VolumeRendering\Combining_CS.hlsl" />
    <FxCompile Include="Techniques\VolumeRendering\VolumePhotonTracing2_CS.hlsl" />
    <FxCompile Include="Techniques\VolumeRendering\VolPhotonSplat2_GS.hlsl" />
    <FxCompile Include="Techniques\VolumeRendering\VolPhotonSplat2_PS.hlsl" />
    <FxCompile Include="Techniques\VolumeRendering\VolumePathtraceWithGBuffer_CS.hlsl" />
    <FxCompile Include="Techniques\VolumeRendering\Filter_CS.hlsl" />
    <FxCompile Include="Techniques\VolumeRendering\Wavelet_CS.hlsl" />
    <FxCompile Include="Techniques\VolumeRendering\AdaptivePathtracingVolume_CS.hlsl" />
    <FxCompile Include="Techniques\VolumeRendering\GridVolumePathtracing_CS.hlsl" />
    <FxCompile Include="Techniques\VolumeRendering\Wavelet2_CS.hlsl" />
    <FxCompile Include="Techniques\VolumeRendering\SphereVolPathtracing_CS.hlsl" />
    <FxCompile Include="Techniques\VolumePathtracing\BUVoxelization_CS.hlsl" />
    <FxCompile Include="Techniques\VolumePathtracing\VolDeferredLight_CS.hlsl" />
    <FxCompile Include="Techniques\VolumePathtracing\VolPathtracer_RT.hlsl" />
    <FxCompile Include="Techniques\VolumePathtracing\Voxelization_CS.hlsl" />
    <FxCompile Include="Techniques\VolumePathtracing\VolSTPathtracer_RT.hlsl" />
    <FxCompile Include="Techniques\VolumePathtracing\GridVoxelization_CS.hlsl" />
    <FxCompile Include="Techniques\VolumePathtracing\GridSpread_CS.hlsl" />
    <FxCompile Include="Techniques\VolumePathtracing\VolSTPathtracerWithDF_RT.hlsl" />
    <FxCompile Include="Techniques\VolumePathtracing\VolPurePathtracing_RT.hlsl" />
    <FxCompile Include="Techniques\VolumeRendering\SphereSubsurfaceScattering_CS.hlsl" />
    <FxCompile Include="Techniques\VolumePathtracing\AVolSTWithDF_RT.hlsl" />
    <FxCompile Include="Techniques\VolumePathtracing\AVolSTWithDF2_RT.hlsl" />
    <FxCompile Include="Techniques\VolumePathtracing\AVolSTWithDFAndDL_RT.hlsl" />
    <FxCompile Include="Techniques\VolumePathtracing\NVolSTWithDFAndDL_RT.hlsl" />
    <FxCompile Include="Techniques\VolumePathtracing\NVolSTWithDF_RT.hlsl" />
  </ItemGroup>
  <ItemGroup>
    <ClCompile Include="Imgui\imgui.cpp" />
    <ClCompile Include="Imgui\imgui_demo.cpp" />
    <ClCompile Include="Imgui\imgui_draw.cpp" />
    <ClCompile Include="Imgui\imgui_impl_dx12.cpp" />
    <ClCompile Include="Imgui\imgui_impl_win32.cpp" />
    <ClCompile Include="Imgui\imgui_widgets.cpp" />
    <ClCompile Include="main.cpp" />
  </ItemGroup>
  <ItemGroup>
    <ClInclude Include="Imgui\imconfig.h" />
    <ClInclude Include="Imgui\imgui.h" />
    <ClInclude Include="Imgui\imgui_impl_dx12.h" />
    <ClInclude Include="Imgui\imgui_impl_win32.h" />
    <ClInclude Include="Imgui\imgui_internal.h" />
    <ClInclude Include="Imgui\imstb_rectpack.h" />
    <ClInclude Include="Imgui\imstb_textedit.h" />
    <ClInclude Include="Imgui\imstb_truetype.h" />
    <ClInclude Include="main.h" />
    <ClInclude Include="stdafx.h" />
    <ClInclude Include="Techniques\CommonGI\Definitions.h" />
    <ClInclude Include="Techniques\CommonGI\Parameters.h" />
    <ClInclude Include="Techniques\CommonGI\ScatteringTools.h" />
    <ClInclude Include="Techniques\CommonRT\CommonDeferred.h" />
    <ClInclude Include="Techniques\CommonRT\CommonOutput.h" />
    <ClInclude Include="Techniques\CommonRT\CommonProgressive.h" />
    <ClInclude Include="Techniques\CommonRT\CommonRTScenes.h" />
    <ClInclude Include="Techniques\CommonRT\CommonShadowMaping.h" />
    <ClInclude Include="Techniques\Common\ConstantBuffers.h" />
    <ClInclude Include="Techniques\Common\RetainedSceneLoader.h" />
    <ClInclude Include="Techniques\DeferredShading\DeferredLighting.h" />
    <ClInclude Include="Techniques\DeferredShading\GBufferConstruction.h" />
    <ClInclude Include="Techniques\GUI_Traits.h" />
    <ClInclude Include="Techniques\Randoms\RandomHLSL.h" />
    <ClInclude Include="Techniques\RetainedBasic\RetainedBasicRenderer.h" />
    <ClInclude Include="Techniques\Sample\Sample.h" />
    <ClInclude Include="Techniques\Tutorials\Tutorial1.h" />
    <ClInclude Include="Techniques\Tutorials\Tutorial10.h" />
    <ClInclude Include="Techniques\Tutorials\Tutorial11.h" />
    <ClInclude Include="Techniques\Tutorials\Tutorial12.h" />
    <ClInclude Include="Techniques\Tutorials\Tutorial2.h" />
    <ClInclude Include="Techniques\Tutorials\Tutorial3.h" />
    <ClInclude Include="Techniques\Tutorials\Tutorial4.h" />
    <ClInclude Include="Techniques\Tutorials\Tutorial5.h" />
    <ClInclude Include="Techniques\Tutorials\Tutorial6.h" />
    <ClInclude Include="Techniques\Tutorials\Tutorial7.h" />
    <ClInclude Include="Techniques\Tutorials\Tutorial8.h" />
    <ClInclude Include="Techniques\Tutorials\Tutorial9.h" />
    <ClInclude Include="Techniques\Tutorials\Tutorial10.h" />
    <ClInclude Include="Techniques\GUI_Traits.h" />
    <ClInclude Include="Techniques\DeferredShading\GBufferConstruction.h" />
    <ClInclude Include="Techniques\DeferredShading\DeferredLighting.h" />
    <ClInclude Include="Techniques\Tutorials\Tutorial11.h" />
    <ClInclude Include="Techniques\Randoms\RandomHLSL.h" />
    <ClInclude Include="Techniques\CommonGI\Definitions.h" />
    <ClInclude Include="Techniques\CommonGI\ScatteringTools.h" />
    <ClInclude Include="Techniques\Tutorials\Tutorial12.h" />
    <ClInclude Include="Techniques\CommonGI\Parameters.h" />
    <ClInclude Include="Techniques\CommonRT\CommonRTScenes.h" />
    <ClInclude Include="Techniques\CommonRT\CommonShadowMaping.h" />
    <ClInclude Include="Techniques\CommonRT\CommonDeferred.h" />
    <ClInclude Include="Techniques\CommonRT\CommonOutput.h" />
    <ClInclude Include="Techniques\CommonRT\CommonProgressive.h" />
    <ClInclude Include="Techniques\Pathtracing\IterativePathtracer.h" />
    <ClInclude Include="Techniques\Pathtracing\RecursivePathtracer.h" />
    <ClInclude Include="Techniques\PhotonMaps\CommongPhotonGather_RT.hlsl.h" />
    <ClInclude Include="Techniques\PhotonMaps\GridPhotonMapTechnique.h" />
    <ClInclude Include="Techniques\PhotonMaps\PhotonDefinition.h" />
    <ClInclude Include="Techniques\PhotonMaps\BPP_PhotonMap2Technique.h" />
    <ClInclude Include="Techniques\PhotonMaps\DXR_PhotonTracing_Pipeline.h" />
    <ClInclude Include="Techniques\PhotonMaps\CommonHashing_RT.h" />
    <ClInclude Include="Techniques\Raytracing\DXRRaytracerTechnique.h" />
    <ClInclude Include="Techniques\PhotonMaps\BPP_PhotonMap5Technique.h" />
    <ClInclude Include="Techniques\Randoms\MarsagliaRandoms.h" />
    <ClInclude Include="Techniques\Randoms\MarsagliasXorWow.h" />
    <ClInclude Include="Techniques\Randoms\XorShiftAster.h" />
    <ClInclude Include="Techniques\CommonRT\DirectLightingTechnique.h" />
    <ClInclude Include="Techniques\Raymarching\RaymarchRT\Common_RaymarchRT.h" />
    <ClInclude Include="Techniques\Raymarching\RaymarchRT\RaymarchRT.h" />
    <ClInclude Include="Techniques\Raymarching\RaymarchRT\RaymarchRT_Constants.h" />
    <ClInclude Include="Techniques\Raymarching\WS_MRAPIT\WorldSpaceMRAPIT.h" />
    <ClInclude Include="Techniques\Raymarching\WS_MRAPIT\DebugWSMRAPIT.h" />
    <ClInclude Include="Techniques\Raymarching\WSAPIT\DebugWSAPIT.h" />
    <ClInclude Include="Techniques\Raymarching\WSAPIT\WorldSpaceAPIT.h" />
    <ClInclude Include="Techniques\Common\CS_Constants.h" />
    <ClInclude Include="Techniques\Raymarching\RaymarchRT\Shaders\RayQueue.hlsl.h" />
    <ClInclude Include="Techniques\PhotonMaps\PPMTechnique.h" />
    <ClInclude Include="Techniques\PhotonMaps\OctreePhotonMapTechnique.h" />
    <ClInclude Include="Techniques\VolumeRendering\VolumeLoader.h" />
    <ClInclude Include="Techniques\VolumeRendering\BasicVolumeTechnique.h" />
    <ClInclude Include="Techniques\VolumeRendering\SingleScatteringVolumeTechnique.h" />
    <ClInclude Include="Techniques\VolumeRendering\VolumePathtracingTechnique.h" />
    <ClInclude Include="Techniques\VolumeRendering\PhaseIso.h" />
    <ClInclude Include="Techniques\VolumeRendering\PhaseAniso.h" />
    <ClInclude Include="Techniques\VolumeRendering\PureVPathtracingTechnique.h" />
    <ClInclude Include="Techniques\Common\ScreenShotTechnique.h" />
    <ClInclude Include="Techniques\VolumeRendering\PhotonMapVolumeTechnique.h" />
    <ClInclude Include="Techniques\VolumeRendering\PhotonMapVolumeTechnique2.h" />
    <ClInclude Include="Techniques\VolumeRendering\FilteredVolumePathtracingTechnique.h" />
    <ClInclude Include="Techniques\VolumeRendering\Convolution.h" />
    <ClInclude Include="Techniques\VolumeRendering\AdaptiveTrackingVolumeTechnique.h" />
    <ClInclude Include="Techniques\VolumeRendering\GridPathtracingVolumeTechnique.h" />
    <ClInclude Include="Techniques\VolumeRendering\VarianceBasedConvolution.h" />
    <ClInclude Include="Techniques\VolumeRendering\SphereScatteringTestTechnique.h" />
    <ClInclude Include="Techniques\VolumeRendering\ScatteringModel.h" />
    <ClInclude Include="Techniques\VolumeRendering\SphereScatteringWithDL.h" />
    <ClInclude Include="Techniques\VolumePathtracing\VolDirectLightingTechnique.h" />
    <ClInclude Include="Techniques\VolumePathtracing\VolPathtracerTechnique.h" />
    <ClInclude Include="Techniques\VolumePathtracing\VolSTPathtracerTechnique.h" />
    <ClInclude Include="Techniques\VolumePathtracing\VolumeScattering.h" />
    <ClInclude Include="Techniques\VolumePathtracing\VolSTPathtracerWithDFTechnique.h" />
    <ClInclude Include="Techniques\VolumePathtracing\VolPurePTTechnique.h" />
    <ClInclude Include="Techniques\VolumeRendering\VAESphereScattering.h" />
    <ClInclude Include="Techniques\CommonRT\CommonComplexity.h" />
    <ClInclude Include="Techniques\Randoms\HybridTausRandoms.h" />
    <ClInclude Include="Techniques\Randoms\RandomX.h" />
    <ClInclude Include="Techniques\Randoms\RandomUsed.h" />
    <ClInclude Include="Techniques\VolumeRendering\VAESphereScatteringBuffered.h" />
    <ClInclude Include="Techniques\VolumeRendering\IWAEScattering.h" />
    <ClInclude Include="Techniques\VolumePathtracing\AVolSTWithDFTechnique.h" />
    <ClInclude Include="Techniques\VolumeRendering\CVAEScattering.h" />
    <ClInclude Include="Techniques\VolumeRendering\HGPhase.h" />
    <ClInclude Include="Techniques\VolumeRendering\LorenzMiePhase.h" />
    <ClInclude Include="Techniques\VolumeRendering\NewCVAEScattering.h" />
  </ItemGroup>
  <ItemGroup>
    <ClCompile Include="main.cpp">
      <Filter>sources</Filter>
    </ClCompile>
    <ClCompile Include="Imgui\imgui.cpp" />
    <ClCompile Include="Imgui\imgui_demo.cpp" />
    <ClCompile Include="Imgui\imgui_draw.cpp" />
    <ClCompile Include="Imgui\imgui_impl_dx12.cpp" />
    <ClCompile Include="Imgui\imgui_impl_win32.cpp" />
    <ClCompile Include="Imgui\imgui_widgets.cpp" />
  </ItemGroup>
  <ItemGroup>
    <FxCompile Include="Techniques\Sample\Sample_PS.hlsl" />
    <FxCompile Include="Techniques\Sample\Sample_VS.hlsl" />
    <FxCompile Include="Techniques\RetainedBasic\RetainedRendering_VS.hlsl" />
    <FxCompile Include="Techniques\RetainedBasic\RetainedRendering_PS.hlsl" />
    <FxCompile Include="Techniques\Tutorials\Shaders\NoTransforms_VS.hlsl" />
    <FxCompile Include="Techniques\Tutorials\Shaders\SimpleColor_PS.hlsl" />
    <FxCompile Include="Techniques\Tutorials\Shaders\SimpleTransform_VS.hlsl" />
    <FxCompile Include="Techniques\Tutorials\Shaders\PassPositionAndCoordinates_VS.hlsl" />
    <FxCompile Include="Techniques\Tutorials\Shaders\BasicSampling2D_PS.hlsl" />
    <FxCompile Include="Techniques\Tutorials\Shaders\TransformToViewSpace_VS.hlsl" />
    <FxCompile Include="Techniques\Tutorials\Shaders\SimplePhongShading_PS.hlsl" />
    <FxCompile Include="Techniques\Tutorials\Shaders\GrabDepthComplexity_PS.hlsl" />
    <FxCompile Include="Techniques\Tutorials\Shaders\ShowComplexity_PS.hlsl" />
    <FxCompile Include="Techniques\Tutorials\Shaders\DX_RTX_Sample_RT.hlsl" />
    <FxCompile Include="Techniques\Tutorials\Shaders\DX_RTX_Basic_RT.hlsl" />
    <FxCompile Include="Techniques\DeferredShading\DeferredShading_VS.hlsl" />
    <FxCompile Include="Techniques\DeferredShading\DeferredShading_PS.hlsl" />
    <FxCompile Include="Techniques\DeferredShading\DeferredLighting_PS.hlsl" />
    <FxCompile Include="Techniques\Tutorials\Shaders\DXR_ProceduralGeometrySample_RT.hlsl" />
    <FxCompile Include="Techniques\Tutorials\Shaders\UpdateAABBs_PS.hlsl" />
    <FxCompile Include="Techniques\Pathtracing\IterativePathtracer_RT.hlsl" />
    <FxCompile Include="Techniques\Pathtracing\RecursivePathtracer_RT.hlsl" />
  </ItemGroup>
  <ItemGroup>
    <None Include="..\Readme.md" />
    <None Include="..\tools\x64\dxrfallbackcompiler.dll" />
    <None Include="..\tools\x64\PostbuildCopy.bat" />
    <None Include="..\tools\x64\PrebuildCheck.bat" />
    <None Include="packages.config" />
    <None Include="Techniques\Tutorials\Tutorials.rm" />
    <None Include="..\tools\x64\version.txt" />
  </ItemGroup>
</Project>