<?xml version="1.0" encoding="utf-8"?>
<Project ToolsVersion="4.0" xmlns="http://schemas.microsoft.com/developer/msbuild/2003">
  <ItemGroup>
    <FxCompile Include="Techniques\DeferredShading\DeferredLighting_PS.hlsl" />
    <FxCompile Include="Techniques\DeferredShading\DeferredShading_PS.hlsl" />
    <FxCompile Include="Techniques\DeferredShading\DeferredShading_VS.hlsl" />
    <FxCompile Include="Techniques\RetainedBasic\RetainedRendering_PS.hlsl" />
    <FxCompile Include="Techniques\RetainedBasic\RetainedRendering_VS.hlsl" />
    <FxCompile Include="Techniques\Sample\Sample_PS.hlsl" />
    <FxCompile Include="Techniques\Sample\Sample_VS.hlsl" />
    <FxCompile Include="Techniques\Tutorials\Shaders\BasicSampling2D_PS.hlsl" />
    <FxCompile Include="Techniques\Tutorials\Shaders\DXR_ProceduralGeometrySample_RT.hlsl" />
    <FxCompile Include="Techniques\Tutorials\Shaders\DX_RTX_Basic_RT.hlsl" />
    <FxCompile Include="Techniques\Tutorials\Shaders\DX_RTX_Sample_RT.hlsl" />
    <FxCompile Include="Techniques\Tutorials\Shaders\GrabDepthComplexity_PS.hlsl" />
    <FxCompile Include="Techniques\Tutorials\Shaders\NoTransforms_VS.hlsl" />
    <FxCompile Include="Techniques\Tutorials\Shaders\PassPositionAndCoordinates_VS.hlsl" />
    <FxCompile Include="Techniques\Tutorials\Shaders\ShowComplexity_PS.hlsl" />
    <FxCompile Include="Techniques\Tutorials\Shaders\SimpleColor_PS.hlsl" />
    <FxCompile Include="Techniques\Tutorials\Shaders\SimplePhongShading_PS.hlsl" />
    <FxCompile Include="Techniques\Tutorials\Shaders\SimpleTransform_VS.hlsl" />
    <FxCompile Include="Techniques\Tutorials\Shaders\TransformToViewSpace_VS.hlsl" />
    <FxCompile Include="Techniques\Tutorials\Shaders\UpdateAABBs_PS.hlsl" />
    <FxCompile Include="Techniques\PhotonMapping\AdaptiveBoxPerGeometry\ABPGAABBConstruction_CS.hlsl" />
    <FxCompile Include="Techniques\PhotonMapping\AdaptiveBoxPerGeometry\ABPGPhotonGather_RT.hlsl" />
    <FxCompile Include="Techniques\PhotonMapping\AdaptiveBoxPerPhoton\ABPPPhotonGather_RT.hlsl" />
    <FxCompile Include="Techniques\PhotonMapping\AdaptiveBoxPerPhoton\ABPPPhotonTracer_RT.hlsl" />
    <FxCompile Include="Techniques\PhotonMapping\BoxPerGeometry\BPGAABBConstruction_CS.hlsl" />
    <FxCompile Include="Techniques\PhotonMapping\BoxPerGeometry\BPGPhotonGather_RT.hlsl" />
    <FxCompile Include="Techniques\PhotonMapping\BoxPerGeometry\BPGPhotonTracer_RT.hlsl" />
    <FxCompile Include="Techniques\PhotonMapping\BoxPerPhoton\BPPPhotonGather_RT.hlsl" />
    <FxCompile Include="Techniques\PhotonMapping\BoxPerPhoton\BPPPhotonTracer_RT.hlsl" />
    <FxCompile Include="Techniques\PhotonMapping\AdaptiveRadiusCompute_CS.hlsl" />
    <FxCompile Include="Techniques\PhotonMapping\RadiusAndBoxCompute_RT.hlsl" />
    <FxCompile Include="Techniques\PhotonMaps\PhotonTracing_RT.hlsl" />
    <FxCompile Include="Techniques\PhotonMaps\GridPhotonMapConstruction_RT.hlsl" />
    <FxCompile Include="Techniques\PhotonMaps\GridPhotonGather_RT.hlsl" />
    <FxCompile Include="Techniques\PhotonMaps\BPP_PhotonGather2_RT.hlsl" />
    <FxCompile Include="Techniques\PhotonMaps\BPP_PhotonMapConstruction_RT.hlsl" />
    <FxCompile Include="Techniques\PhotonMaps\PhotonBitonicSort_RT.hlsl" />
    <FxCompile Include="Techniques\PhotonMaps\PhotonMortonIndexing_RT.hlsl" />
    <FxCompile Include="Techniques\PhotonMaps\BPP_PhotonMapMortonConstruction_RT.hlsl" />
    <FxCompile Include="Techniques\APIT\Shaders\TestVS.hlsl" />
    <FxCompile Include="Techniques\APIT\Shaders\CPIT_VS.hlsl" />
    <FxCompile Include="Techniques\APIT\Shaders\CPIT_GS.hlsl" />
    <FxCompile Include="Techniques\APIT\Shaders\CPIT_PS.hlsl" />
    <FxCompile Include="Techniques\APIT\Shaders\CPIT_Build_CS.hlsl" />
    <FxCompile Include="Techniques\APIT\Shaders\CPIT_Link_CS.hlsl" />
    <FxCompile Include="Techniques\APIT\Shaders\DebugAPIT_PS.hlsl" />
    <FxCompile Include="Techniques\APIT\Shaders\CPIT_BuildMips_CS.hlsl" />
    <FxCompile Include="Techniques\APIT\Shaders\CPIT_InitialMip_CS.hlsl" />
    <FxCompile Include="Techniques\APIT\Shaders\CPIT_Build_PS.hlsl" />
    <FxCompile Include="Techniques\APIT\Shaders\CPIT_Link_PS.hlsl" />
    <FxCompile Include="Techniques\APIT\Shaders\CPIT_BuildMips_PS.hlsl" />
    <FxCompile Include="Techniques\APIT\Shaders\CPIT_InitialMip_PS.hlsl" />
    <FxCompile Include="Techniques\APIT\Shaders\ViewSpaceTransform_PS.hlsl" />
    <FxCompile Include="Techniques\APIT\Shaders\ViewSpaceTransform_VS.hlsl" />
    <FxCompile Include="Techniques\APIT\Shaders\ViewSpaceTransform_CS.hlsl" />
    <FxCompile Include="Techniques\RaymarchRT\Shaders\RT_InitialRays_PS.hlsl" />
    <FxCompile Include="Techniques\RaymarchRT\Shaders\RT_InitialRays_VS.hlsl" />
    <FxCompile Include="Techniques\RaymarchRT\Shaders\RT_Bounce_PS.hlsl" />
    <FxCompile Include="Techniques\RaymarchRT\Shaders\RT_InitialRayDirections_PS.hlsl" />
    <FxCompile Include="Techniques\APIT\Shaders\APITTraversal_CS.hlsl" />
  </ItemGroup>
  <ItemGroup>
    <ClCompile Include="Imgui\imgui.cpp" />
    <ClCompile Include="Imgui\imgui_demo.cpp" />
    <ClCompile Include="Imgui\imgui_draw.cpp" />
    <ClCompile Include="Imgui\imgui_impl_dx12.cpp" />
    <ClCompile Include="Imgui\imgui_impl_win32.cpp" />
    <ClCompile Include="Imgui\imgui_widgets.cpp" />
    <ClCompile Include="main.cpp" />
  </ItemGroup>
  <ItemGroup>
    <ClInclude Include="Imgui\imconfig.h" />
    <ClInclude Include="Imgui\imgui.h" />
    <ClInclude Include="Imgui\imgui_impl_dx12.h" />
    <ClInclude Include="Imgui\imgui_impl_win32.h" />
    <ClInclude Include="Imgui\imgui_internal.h" />
    <ClInclude Include="Imgui\imstb_rectpack.h" />
    <ClInclude Include="Imgui\imstb_textedit.h" />
    <ClInclude Include="Imgui\imstb_truetype.h" />
    <ClInclude Include="main.h" />
    <ClInclude Include="stdafx.h" />
    <ClInclude Include="Techniques\AccPathtracing\DXRPathtracer.h" />
    <ClInclude Include="Techniques\CommonGI\Definitions.h" />
    <ClInclude Include="Techniques\CommonGI\Parameters.h" />
    <ClInclude Include="Techniques\CommonGI\ScatteringTools.h" />
    <ClInclude Include="Techniques\CommonRT\CommonDeferred.h" />
    <ClInclude Include="Techniques\CommonRT\CommonOutput.h" />
    <ClInclude Include="Techniques\CommonRT\CommonProgressive.h" />
    <ClInclude Include="Techniques\CommonRT\CommonRTScenes.h" />
    <ClInclude Include="Techniques\CommonRT\CommonShadowMaping.h" />
    <ClInclude Include="Techniques\Common\ConstantBuffers.h" />
    <ClInclude Include="Techniques\Common\RetainedSceneLoader.h" />
    <ClInclude Include="Techniques\DeferredShading\DeferredLighting.h" />
    <ClInclude Include="Techniques\DeferredShading\GBufferConstruction.h" />
    <ClInclude Include="Techniques\DXR_Photontracer\DXRPhotonMapping.h" />
    <ClInclude Include="Techniques\DXR_Raytracer\DXRRaytracer.h" />
    <ClInclude Include="Techniques\FULL_DXR_PhotonMap2\FullDXRPhotontracerTechnique2.h" />
    <ClInclude Include="Techniques\FULL_DXR_PhotonMap\FullDXRPhotontracerTechnique.h" />
    <ClInclude Include="Techniques\GUI_Traits.h" />
    <ClInclude Include="Techniques\ItAccPathtracing\DXRItPathtracer.h" />
    <ClInclude Include="Techniques\Randoms\RandomHLSL.h" />
    <ClInclude Include="Techniques\RASTER_DXR_Photontracer\HybridPhotonTracer.h" />
    <ClInclude Include="Techniques\RetainedBasic\RetainedBasicRenderer.h" />
    <ClInclude Include="Techniques\Sample\Sample.h" />
    <ClInclude Include="Techniques\Tutorials\Tutorial1.h" />
    <ClInclude Include="Techniques\Tutorials\Tutorial10.h" />
    <ClInclude Include="Techniques\Tutorials\Tutorial11.h" />
    <ClInclude Include="Techniques\Tutorials\Tutorial12.h" />
    <ClInclude Include="Techniques\Tutorials\Tutorial2.h" />
    <ClInclude Include="Techniques\Tutorials\Tutorial3.h" />
    <ClInclude Include="Techniques\Tutorials\Tutorial4.h" />
    <ClInclude Include="Techniques\Tutorials\Tutorial5.h" />
    <ClInclude Include="Techniques\Tutorials\Tutorial6.h" />
    <ClInclude Include="Techniques\Tutorials\Tutorial7.h" />
    <ClInclude Include="Techniques\Tutorials\Tutorial8.h" />
    <ClInclude Include="Techniques\Tutorials\Tutorial9.h" />
    <ClInclude Include="Techniques\Tutorials\Tutorial10.h" />
    <ClInclude Include="Techniques\GUI_Traits.h" />
    <ClInclude Include="Techniques\DXR_Raytracer\DXRRaytracer.h" />
    <ClInclude Include="Techniques\DXR_Photontracer\DXRPhotonMapping.h" />
    <ClInclude Include="Techniques\DeferredShading\GBufferConstruction.h" />
    <ClInclude Include="Techniques\DeferredShading\DeferredLighting.h" />
    <ClInclude Include="Techniques\RASTER_DXR_Photontracer\HybridPhotonTracer.h" />
    <ClInclude Include="Techniques\Tutorials\Tutorial11.h" />
    <ClInclude Include="Techniques\AccPathtracing\DXRPathtracer.h" />
    <ClInclude Include="Techniques\FULL_DXR_PhotonMap\FullDXRPhotontracerTechnique.h" />
    <ClInclude Include="Techniques\FULL_DXR_PhotonMap2\FullDXRPhotontracerTechnique2.h" />
    <ClInclude Include="Techniques\Randoms\RandomHLSL.h" />
    <ClInclude Include="Techniques\CommonGI\Definitions.h" />
    <ClInclude Include="Techniques\CommonGI\ScatteringTools.h" />
    <ClInclude Include="Techniques\ItAccPathtracing\DXRItPathtracer.h" />
    <ClInclude Include="Techniques\Tutorials\Tutorial12.h" />
    <ClInclude Include="Techniques\CommonGI\Parameters.h" />
    <ClInclude Include="Techniques\CommonRT\CommonRTScenes.h" />
    <ClInclude Include="Techniques\CommonRT\CommonShadowMaping.h" />
    <ClInclude Include="Techniques\CommonRT\CommonDeferred.h" />
    <ClInclude Include="Techniques\CommonRT\CommonOutput.h" />
    <ClInclude Include="Techniques\CommonRT\CommonProgressive.h" />
    <ClInclude Include="Techniques\PhotonMapping\PhotonDefinition.h" />
    <ClInclude Include="Techniques\PhotonMapping\CommonDeferredTracing.hlsl.h" />
    <ClInclude Include="Techniques\PhotonMapping\CommonSpatialHashing.hlsl.h" />
    <ClInclude Include="Techniques\PhotonMapping\CommonTracingSpatialHashGrid.hlsl.h" />
    <ClInclude Include="Techniques\PhotonMapping\CommonDeferredGathering.hlsl.h" />
    <ClInclude Include="Techniques\PhotonMapping\CommonGatheringSpatialHashGrid.hlsl.h" />
    <ClInclude Include="Techniques\Pathtracing\IterativePathtracer.h" />
    <ClInclude Include="Techniques\Pathtracing\RecursivePathtracer.h" />
    <ClInclude Include="Techniques\PhotonMapping\GridPhotonMapping\GPhotonMappingTechnique.h" />
    <ClInclude Include="Techniques\PhotonMapping\GridPhotonMapping\GPMCommon.hlsl.h" />
    <ClInclude Include="Techniques\PhotonMapping\SpatialHashPhotonMapping\SHPhotonMapTechnique.h" />
    <ClInclude Include="Techniques\PhotonMapping\SpatialHashPhotonMapping\SHPMCommon.h" />
    <ClInclude Include="Techniques\PhotonMapping\AdaptiveBoxPerGeometry\ABPGPhotonMappingTechnique.h" />
    <ClInclude Include="Techniques\PhotonMapping\AdaptiveBoxPerPhoton\ABPPPhotonMappingTechnique.h" />
    <ClInclude Include="Techniques\PhotonMapping\BoxPerGeometry\BPGPhotonMappingTechnique.h" />
    <ClInclude Include="Techniques\PhotonMapping\BoxPerPhoton\BPPPhotonMappingTechnique.h" />
    <ClInclude Include="Techniques\PhotonMaps\CommongPhotonGather_RT.hlsl.h" />
    <ClInclude Include="Techniques\PhotonMaps\GridPhotonMapTechnique.h" />
    <ClInclude Include="Techniques\PhotonMaps\PhotonDefinition.h" />
    <ClInclude Include="Techniques\PhotonMaps\BPP_PhotonMap2Technique.h" />
    <ClInclude Include="Techniques\PhotonMaps\CommonHashing_RT.hlsl.h" />
    <ClInclude Include="Techniques\PhotonMaps\DXR_PhotonTracing_Pipeline.h" />
    <ClInclude Include="Techniques\PhotonMaps\BPP_PhotonMap3Technique.h" />
    <ClInclude Include="Techniques\APIT\ABuffer.h" />
    <ClInclude Include="Techniques\APIT\APITConstruction.h" />
    <ClInclude Include="Techniques\APIT\DebugAPIT.h" />
    <ClInclude Include="Techniques\APIT\APITRaytracing.h" />
    <ClInclude Include="Techniques\APIT\ViewSpaceTransformer.h" />
    <ClInclude Include="Techniques\RaymarchRT\RaymarchRT.h" />
    <ClInclude Include="Techniques\Common\CS_Constants.h" />
    <ClInclude Include="Techniques\RaymarchRT\Common_RaymarchRT.h" />
  </ItemGroup>
  <ItemGroup>
    <ClCompile Include="main.cpp">
      <Filter>sources</Filter>
    </ClCompile>
    <ClCompile Include="Imgui\imgui.cpp" />
    <ClCompile Include="Imgui\imgui_demo.cpp" />
    <ClCompile Include="Imgui\imgui_draw.cpp" />
    <ClCompile Include="Imgui\imgui_impl_dx12.cpp" />
    <ClCompile Include="Imgui\imgui_impl_win32.cpp" />
    <ClCompile Include="Imgui\imgui_widgets.cpp" />
  </ItemGroup>
  <ItemGroup>
    <FxCompile Include="Techniques\Sample\Sample_PS.hlsl" />
    <FxCompile Include="Techniques\Sample\Sample_VS.hlsl" />
    <FxCompile Include="Techniques\RetainedBasic\RetainedRendering_VS.hlsl" />
    <FxCompile Include="Techniques\RetainedBasic\RetainedRendering_PS.hlsl" />
    <FxCompile Include="Techniques\Tutorials\Shaders\NoTransforms_VS.hlsl" />
    <FxCompile Include="Techniques\Tutorials\Shaders\SimpleColor_PS.hlsl" />
    <FxCompile Include="Techniques\Tutorials\Shaders\SimpleTransform_VS.hlsl" />
    <FxCompile Include="Techniques\Tutorials\Shaders\PassPositionAndCoordinates_VS.hlsl" />
    <FxCompile Include="Techniques\Tutorials\Shaders\BasicSampling2D_PS.hlsl" />
    <FxCompile Include="Techniques\Tutorials\Shaders\TransformToViewSpace_VS.hlsl" />
    <FxCompile Include="Techniques\Tutorials\Shaders\SimplePhongShading_PS.hlsl" />
    <FxCompile Include="Techniques\Tutorials\Shaders\GrabDepthComplexity_PS.hlsl" />
    <FxCompile Include="Techniques\Tutorials\Shaders\ShowComplexity_PS.hlsl" />
    <FxCompile Include="Techniques\Tutorials\Shaders\DX_RTX_Sample_RT.hlsl" />
    <FxCompile Include="Techniques\Tutorials\Shaders\DX_RTX_Basic_RT.hlsl" />
    <FxCompile Include="Techniques\DeferredShading\DeferredShading_VS.hlsl" />
    <FxCompile Include="Techniques\DeferredShading\DeferredShading_PS.hlsl" />
    <FxCompile Include="Techniques\DeferredShading\DeferredLighting_PS.hlsl" />
    <FxCompile Include="Techniques\Tutorials\Shaders\DXR_ProceduralGeometrySample_RT.hlsl" />
    <FxCompile Include="Techniques\Tutorials\Shaders\UpdateAABBs_PS.hlsl" />
    <FxCompile Include="Techniques\Pathtracing\IterativePathtracer_RT.hlsl" />
    <FxCompile Include="Techniques\Pathtracing\RecursivePathtracer_RT.hlsl" />
    <FxCompile Include="Techniques\PhotonMapping\GridPhotonMapping\GPhotonGather_RT.hlsl" />
    <FxCompile Include="Techniques\PhotonMapping\GridPhotonMapping\GPhotonTracer_RT.hlsl" />
    <FxCompile Include="Techniques\PhotonMapping\SpatialHashPhotonMapping\SHPhotonTracer_RT.hlsl" />
    <FxCompile Include="Techniques\PhotonMapping\SpatialHashPhotonMapping\SHPhotonGathering_RT.hlsl" />
  </ItemGroup>
  <ItemGroup>
    <None Include="..\Readme.md" />
    <None Include="..\tools\x64\dxrfallbackcompiler.dll" />
    <None Include="..\tools\x64\PostbuildCopy.bat" />
    <None Include="..\tools\x64\PrebuildCheck.bat" />
    <None Include="packages.config" />
    <None Include="Techniques\Tutorials\Tutorials.rm" />
    <None Include="..\tools\x64\version.txt" />
  </ItemGroup>
</Project>