<?xml version="1.0" encoding="utf-8"?>
<Project ToolsVersion="4.0" xmlns="http://schemas.microsoft.com/developer/msbuild/2003">
  <ItemGroup>
    <Filter Include="imgui">
      <UniqueIdentifier>{fb3d294f-51ec-478e-a627-25831c80fefd}</UniqueIdentifier>
    </Filter>
    <Filter Include="sources">
      <UniqueIdentifier>{4f33ddea-9910-456d-b868-4267eb3c2b19}</UniqueIdentifier>
    </Filter>
  </ItemGroup>
  <ItemGroup>
    <ClInclude Include="Techniques\Sample\Sample.h" />
    <ClInclude Include="stdafx.h" />
    <ClInclude Include="Techniques\Common\RetainedSceneLoader.h" />
    <ClInclude Include="Techniques\RetainedBasic\RetainedBasicRenderer.h" />
    <ClInclude Include="Techniques\Common\ConstantBuffers.h" />
    <ClInclude Include="Imgui\imconfig.h" />
    <ClInclude Include="Imgui\imgui.h" />
    <ClInclude Include="Imgui\imgui_impl_dx12.h" />
    <ClInclude Include="Imgui\imgui_impl_win32.h" />
    <ClInclude Include="Imgui\imgui_internal.h" />
    <ClInclude Include="Imgui\imstb_rectpack.h" />
    <ClInclude Include="Imgui\imstb_textedit.h" />
    <ClInclude Include="Imgui\imstb_truetype.h" />
    <ClInclude Include="Techniques\Tutorials\Tutorial1.h" />
    <ClInclude Include="Techniques\Tutorials\Tutorial2.h" />
    <ClInclude Include="Techniques\Tutorials\Tutorial3.h" />
    <ClInclude Include="Techniques\Tutorials\Tutorial4.h" />
    <ClInclude Include="Techniques\Tutorials\Tutorial5.h" />
    <ClInclude Include="Techniques\Tutorials\Tutorial6.h" />
    <ClInclude Include="Techniques\Tutorials\Tutorial7.h" />
    <ClInclude Include="main.h" />
    <ClInclude Include="Techniques\Tutorials\Tutorial8.h" />
    <ClInclude Include="Techniques\Tutorials\Tutorial9.h" />
    <ClInclude Include="Techniques\Tutorials\Tutorial10.h" />
    <ClInclude Include="Techniques\GUI_Traits.h" />
    <ClInclude Include="Techniques\DXR_Raytracer\DXRRaytracer.h" />
    <ClInclude Include="Techniques\DXR_Photontracer\DXRPhotonMapping.h" />
    <ClInclude Include="Techniques\DeferredShading\GBufferConstruction.h" />
    <ClInclude Include="Techniques\DeferredShading\DeferredLighting.h" />
    <ClInclude Include="Techniques\RASTER_DXR_Photontracer\HybridPhotonTracer.h" />
    <ClInclude Include="Techniques\Tutorials\Tutorial11.h" />
    <ClInclude Include="Techniques\AccPathtracing\DXRPathtracer.h" />
    <ClInclude Include="Techniques\FULL_DXR_PhotonMap\FullDXRPhotontracerTechnique.h" />
    <ClInclude Include="Techniques\FULL_DXR_PhotonMap2\FullDXRPhotontracerTechnique2.h" />
    <ClInclude Include="Techniques\Randoms\RandomHLSL.h" />
    <ClInclude Include="Techniques\CommonGI\Definitions.h" />
    <ClInclude Include="Techniques\CommonGI\ScatteringTools.h" />
    <ClInclude Include="Techniques\ItAccPathtracing\DXRItPathtracer.h" />
  </ItemGroup>
  <ItemGroup>
    <ClCompile Include="main.cpp">
      <Filter>sources</Filter>
    </ClCompile>
    <ClCompile Include="Imgui\imgui.cpp" />
    <ClCompile Include="Imgui\imgui_demo.cpp" />
    <ClCompile Include="Imgui\imgui_draw.cpp" />
    <ClCompile Include="Imgui\imgui_impl_dx12.cpp" />
    <ClCompile Include="Imgui\imgui_impl_win32.cpp" />
    <ClCompile Include="Imgui\imgui_widgets.cpp" />
  </ItemGroup>
  <ItemGroup>
    <FxCompile Include="Techniques\Sample\Sample_PS.hlsl" />
    <FxCompile Include="Techniques\Sample\Sample_VS.hlsl" />
    <FxCompile Include="Techniques\RetainedBasic\RetainedRendering_VS.hlsl" />
    <FxCompile Include="Techniques\RetainedBasic\RetainedRendering_PS.hlsl" />
    <FxCompile Include="Techniques\Tutorials\Shaders\NoTransforms_VS.hlsl" />
    <FxCompile Include="Techniques\Tutorials\Shaders\SimpleColor_PS.hlsl" />
    <FxCompile Include="Techniques\Tutorials\Shaders\SimpleTransform_VS.hlsl" />
    <FxCompile Include="Techniques\Tutorials\Shaders\PassPositionAndCoordinates_VS.hlsl" />
    <FxCompile Include="Techniques\Tutorials\Shaders\BasicSampling2D_PS.hlsl" />
    <FxCompile Include="Techniques\Tutorials\Shaders\TransformToViewSpace_VS.hlsl" />
    <FxCompile Include="Techniques\Tutorials\Shaders\SimplePhongShading_PS.hlsl" />
    <FxCompile Include="Techniques\Tutorials\Shaders\GrabDepthComplexity_PS.hlsl" />
    <FxCompile Include="Techniques\Tutorials\Shaders\ShowComplexity_PS.hlsl" />
    <FxCompile Include="Techniques\Tutorials\Shaders\DX_RTX_Sample_RT.hlsl" />
    <FxCompile Include="Techniques\Tutorials\Shaders\DX_RTX_Basic_RT.hlsl" />
    <FxCompile Include="Techniques\DXR_Raytracer\DXR_RTX_Basic_RT.hlsl" />
    <FxCompile Include="Techniques\DeferredShading\DeferredShading_VS.hlsl" />
    <FxCompile Include="Techniques\DeferredShading\DeferredShading_PS.hlsl" />
    <FxCompile Include="Techniques\DeferredShading\DeferredLighting_PS.hlsl" />
    <FxCompile Include="Techniques\RASTER_DXR_Photontracer\DeferredHybridShading_PS.hlsl" />
    <FxCompile Include="Techniques\Tutorials\Shaders\DXR_ProceduralGeometrySample_RT.hlsl" />
    <FxCompile Include="Techniques\AccPathtracing\AccPathtracer_RT.hlsl" />
    <FxCompile Include="Techniques\FULL_DXR_PhotonMap\FullDXRPhotonTracing_RT.hlsl" />
    <FxCompile Include="Techniques\FULL_DXR_PhotonMap\FullDXRPhotonGathering_RT.hlsl" />
    <FxCompile Include="Techniques\FULL_DXR_PhotonMap2\FullDXRPhotonTracing2_RT.hlsl" />
    <FxCompile Include="Techniques\FULL_DXR_PhotonMap2\FullDXRRTWithDeferedGathering2_RT.hlsl" />
    <FxCompile Include="Techniques\ItAccPathtracing\ItAccPathtracer_RT.hlsl" />
    <FxCompile Include="Techniques\DXR_Photontracer\DXR_PhotonMapping_RT.hlsl" />
    <FxCompile Include="Techniques\RASTER_DXR_Photontracer\HPhotonTracer_RT.hlsl" />
    <FxCompile Include="Techniques\RASTER_DXR_Photontracer\HPhotonGrathering_RT.hlsl" />
  </ItemGroup>
  <ItemGroup>
    <None Include="Techniques\Tutorials\Tutorials.rm" />
    <None Include="..\Readme.md" />
    <None Include="packages.config" />
    <None Include="..\tools\x64\dxrfallbackcompiler.dll" />
    <None Include="..\tools\x64\PostbuildCopy.bat" />
    <None Include="..\tools\x64\PrebuildCheck.bat" />
    <None Include="..\tools\x64\version.txt" />
  </ItemGroup>
</Project>